<?xml version="1.0" encoding="utf-8"?>
<Project ToolsVersion="4.0" xmlns="http://schemas.microsoft.com/developer/msbuild/2003">
  <ItemGroup>
    <Filter Include="Dialogs">
      <UniqueIdentifier>{b8cd9b30-e58d-42d3-b726-547cf08c831e}</UniqueIdentifier>
    </Filter>
    <Filter Include="Dialogs\Source Files">
      <UniqueIdentifier>{28bb788b-ab9a-4f9a-8ca8-f056ab299568}</UniqueIdentifier>
      <Extensions>cpp;c;cxx;def;odl;idl;hpj;bat;asm</Extensions>
    </Filter>
    <Filter Include="Dialogs\Header Files">
      <UniqueIdentifier>{b8582e7b-e2ee-4524-abe6-86928de05369}</UniqueIdentifier>
      <Extensions>h;hpp;hxx;hm;inl;inc</Extensions>
    </Filter>
    <Filter Include="Collections">
      <UniqueIdentifier>{9d9695bb-deca-4bb5-817d-09da1df42b41}</UniqueIdentifier>
    </Filter>
    <Filter Include="Collections\Source Files">
      <UniqueIdentifier>{74a98609-ce3d-45b3-a71e-780e309f7112}</UniqueIdentifier>
      <Extensions>cpp;c;cxx;def;odl;idl;hpj;bat;asm</Extensions>
    </Filter>
    <Filter Include="Collections\Header Files">
      <UniqueIdentifier>{8023e774-1068-41d6-8a21-f37a31ef9341}</UniqueIdentifier>
      <Extensions>h;hpp;hxx;hm;inl;inc</Extensions>
    </Filter>
    <Filter Include="Controls">
      <UniqueIdentifier>{defd9e0f-d657-4972-95a3-9294c3e58ad1}</UniqueIdentifier>
    </Filter>
    <Filter Include="Controls\Source Files">
      <UniqueIdentifier>{a2fe1f7d-1283-45d3-80f7-00ed2c07aae5}</UniqueIdentifier>
      <Extensions>cpp;c;cxx;def;odl;idl;hpj;bat;asm</Extensions>
    </Filter>
    <Filter Include="Controls\Header Files">
      <UniqueIdentifier>{bc1f1cfb-775d-4aaa-bb6f-cdd68a612671}</UniqueIdentifier>
      <Extensions>h;hpp;hxx;hm;inl;inc</Extensions>
    </Filter>
    <Filter Include="System">
      <UniqueIdentifier>{c18138c0-1a27-49a0-8e41-4f13412d375a}</UniqueIdentifier>
    </Filter>
    <Filter Include="System\Source Files">
      <UniqueIdentifier>{d4f246d8-6884-48d1-8772-bba22833238b}</UniqueIdentifier>
      <Extensions>cpp;c;cxx;def;odl;idl;hpj;bat;asm</Extensions>
    </Filter>
    <Filter Include="System\Source Files\XML">
      <UniqueIdentifier>{d3d95c04-ba67-49fa-b766-a7399e9db8a9}</UniqueIdentifier>
    </Filter>
    <Filter Include="System\Source Files\XML\Source Files">
      <UniqueIdentifier>{0fc6fad9-6d2f-42af-b354-62c15337b2a3}</UniqueIdentifier>
      <Extensions>cpp;c;cxx;def;odl;idl;hpj;bat;asm</Extensions>
    </Filter>
    <Filter Include="System\Source Files\XML\Header Files">
      <UniqueIdentifier>{f688a2ab-457a-4f68-b0d3-51036b840475}</UniqueIdentifier>
      <Extensions>h;hpp;hxx;hm;inl;inc</Extensions>
    </Filter>
    <Filter Include="System\Header Files">
      <UniqueIdentifier>{61e09b73-10e8-4fc6-aa2b-e877072d3b9a}</UniqueIdentifier>
      <Extensions>h;hpp;hxx;hm;inl;inc</Extensions>
    </Filter>
    <Filter Include="Main">
      <UniqueIdentifier>{b7881316-9638-458a-842b-ea06cb85e424}</UniqueIdentifier>
    </Filter>
    <Filter Include="Main\Source Files">
      <UniqueIdentifier>{59bd1dc1-8c79-4ee6-8113-6ef704f09db7}</UniqueIdentifier>
      <Extensions>cpp;c;cxx;def;odl;idl;hpj;bat;asm</Extensions>
    </Filter>
    <Filter Include="Main\Header Files">
      <UniqueIdentifier>{ac89a6bd-8dfa-4a3d-a6f3-a519bba78eab}</UniqueIdentifier>
      <Extensions>h;hpp;hxx;hm;inl;inc</Extensions>
    </Filter>
    <Filter Include="Accessories">
      <UniqueIdentifier>{60a9307b-bd4d-42b2-8d3a-af0f46b7a30b}</UniqueIdentifier>
    </Filter>
    <Filter Include="Accessories\Source Files">
      <UniqueIdentifier>{89480bba-a506-47f3-bb53-d2fd0fb219f6}</UniqueIdentifier>
      <Extensions>cpp;c;cxx;def;odl;idl;hpj;bat;asm</Extensions>
    </Filter>
    <Filter Include="Accessories\Header Files">
      <UniqueIdentifier>{2eb1989a-dc8d-4267-8caa-f38ac5b4aea6}</UniqueIdentifier>
      <Extensions>h;hpp;hxx;hm;inl;inc</Extensions>
    </Filter>
    <Filter Include="Accessories\Resource Files">
      <UniqueIdentifier>{baa71841-b152-422d-a33b-4cfc7f6c25e7}</UniqueIdentifier>
      <Extensions>rc;ico;cur;bmp;dlg;rc2;rct;bin;rgs;gif;jpg;jpeg;jpe</Extensions>
    </Filter>
    <Filter Include="Streams">
      <UniqueIdentifier>{def7b8b4-8f49-4098-a99c-f3764c8f80f1}</UniqueIdentifier>
    </Filter>
    <Filter Include="Streams\Source Files">
      <UniqueIdentifier>{65228a0a-e532-4a8c-8545-68fa2a291798}</UniqueIdentifier>
      <Extensions>cpp;c;cxx;def;odl;idl;hpj;bat;asm</Extensions>
    </Filter>
    <Filter Include="Streams\Header Files">
      <UniqueIdentifier>{ab3bb4fc-a4a7-4877-9b3d-9caefba99101}</UniqueIdentifier>
      <Extensions>h;hpp;hxx;hm;inl;inc</Extensions>
    </Filter>
    <Filter Include="Encodings">
      <UniqueIdentifier>{92c9f298-d17b-47c5-be7b-fb9746074b32}</UniqueIdentifier>
    </Filter>
    <Filter Include="Encodings\Source Files">
      <UniqueIdentifier>{8036529b-5475-4139-8ee8-83f5df0f4867}</UniqueIdentifier>
      <Extensions>cpp;c;cxx;def;odl;idl;hpj;bat;asm</Extensions>
    </Filter>
    <Filter Include="Encodings\Header Files">
      <UniqueIdentifier>{c6ef0ea1-5962-4d2c-9cac-562b972df6bd}</UniqueIdentifier>
      <Extensions>h;hpp;hxx;hm;inl;inc</Extensions>
    </Filter>
  </ItemGroup>
  <ItemGroup>
    <ClCompile Include="AboutDlg.cpp">
      <Filter>Dialogs\Source Files</Filter>
    </ClCompile>
    <ClCompile Include="MachineInfoDlg.cpp">
      <Filter>Dialogs\Source Files</Filter>
    </ClCompile>
    <ClCompile Include="MachineStateDlg.cpp">
      <Filter>Dialogs\Source Files</Filter>
    </ClCompile>
    <ClCompile Include="MainDlg.cpp">
      <Filter>Dialogs\Source Files</Filter>
    </ClCompile>
    <ClCompile Include="PreviewDlg.cpp">
      <Filter>Dialogs\Source Files</Filter>
    </ClCompile>
    <ClCompile Include="SendMailDlg.cpp">
      <Filter>Dialogs\Source Files</Filter>
    </ClCompile>
    <ClCompile Include="SimpleDlg.cpp">
      <Filter>Dialogs\Source Files</Filter>
    </ClCompile>
    <ClCompile Include="TransferProgressDlg.cpp">
      <Filter>Dialogs\Source Files</Filter>
    </ClCompile>
    <ClCompile Include="WaitDlg.cpp">
      <Filter>Dialogs\Source Files</Filter>
    </ClCompile>
    <ClCompile Include="ColHelper.cpp">
      <Filter>Collections\Source Files</Filter>
    </ClCompile>
    <ClCompile Include="StrHolder.cpp">
      <Filter>Collections\Source Files</Filter>
    </ClCompile>
    <ClCompile Include="HexView.cpp">
      <Filter>Controls\Source Files</Filter>
    </ClCompile>
    <ClCompile Include="HyperLink.cpp">
      <Filter>Controls\Source Files</Filter>
    </ClCompile>
    <ClCompile Include="ImageView.cpp">
      <Filter>Controls\Source Files</Filter>
    </ClCompile>
    <ClCompile Include="LayoutManager.cpp">
      <Filter>Controls\Source Files</Filter>
    </ClCompile>
    <ClCompile Include="Splitter.cpp">
      <Filter>Controls\Source Files</Filter>
    </ClCompile>
    <ClCompile Include="TextView.cpp">
      <Filter>Controls\Source Files</Filter>
    </ClCompile>
    <ClCompile Include="WaitCursor.cpp">
      <Filter>Controls\Source Files</Filter>
    </ClCompile>
    <ClCompile Include="CMapi.cpp">
      <Filter>System\Source Files</Filter>
    </ClCompile>
    <ClCompile Include="EnumProcess.cpp">
      <Filter>System\Source Files</Filter>
    </ClCompile>
    <ClCompile Include="LogFile.cpp">
      <Filter>System\Source Files</Filter>
    </ClCompile>
    <ClCompile Include="NetThunks.cpp">
      <Filter>System\Source Files</Filter>
    </ClCompile>
    <ClCompile Include="SymEngine.cpp">
      <Filter>System\Source Files</Filter>
    </ClCompile>
    <ClCompile Include="SymEngineNet.cpp">
      <Filter>System\Source Files</Filter>
    </ClCompile>
    <ClCompile Include="TextLogFile.cpp">
      <Filter>System\Source Files</Filter>
    </ClCompile>
    <ClCompile Include="XmlLogFile.cpp">
      <Filter>System\Source Files</Filter>
    </ClCompile>
    <ClCompile Include="XmlReader.cpp">
      <Filter>System\Source Files\XML\Source Files</Filter>
    </ClCompile>
    <ClCompile Include="XmlWriter.cpp">
      <Filter>System\Source Files\XML\Source Files</Filter>
    </ClCompile>
    <ClCompile Include="BugTrap.cpp">
      <Filter>Main\Source Files</Filter>
    </ClCompile>
    <ClCompile Include="BugTrapNet.cpp">
      <Filter>Main\Source Files</Filter>
    </ClCompile>
    <ClCompile Include="BugTrapUI.cpp">
      <Filter>Main\Source Files</Filter>
    </ClCompile>
    <ClCompile Include="BugTrapUtils.cpp">
      <Filter>Main\Source Files</Filter>
    </ClCompile>
    <ClCompile Include="ResManager.cpp">
      <Filter>Main\Source Files</Filter>
    </ClCompile>
    <ClCompile Include="Globals.cpp">
      <Filter>Accessories\Source Files</Filter>
    </ClCompile>
    <ClCompile Include="stdafx.cpp">
      <Filter>Accessories\Source Files</Filter>
    </ClCompile>
    <ClCompile Include="FileStream.cpp">
      <Filter>Streams\Source Files</Filter>
    </ClCompile>
    <ClCompile Include="InputStream.cpp">
      <Filter>Streams\Source Files</Filter>
    </ClCompile>
    <ClCompile Include="MemStream.cpp">
      <Filter>Streams\Source Files</Filter>
    </ClCompile>
    <ClCompile Include="OutputStream.cpp">
      <Filter>Streams\Source Files</Filter>
    </ClCompile>
    <ClCompile Include="StrStream.cpp">
      <Filter>Streams\Source Files</Filter>
    </ClCompile>
    <ClCompile Include="Encoding.cpp">
      <Filter>Encodings\Source Files</Filter>
    </ClCompile>
    <ClCompile Include="TextFormat.cpp">
      <Filter>Encodings\Source Files</Filter>
    </ClCompile>
  </ItemGroup>
  <ItemGroup>
    <ClInclude Include="AboutDlg.h">
      <Filter>Dialogs\Header Files</Filter>
    </ClInclude>
    <ClInclude Include="MachineInfoDlg.h">
      <Filter>Dialogs\Header Files</Filter>
    </ClInclude>
    <ClInclude Include="MachineStateDlg.h">
      <Filter>Dialogs\Header Files</Filter>
    </ClInclude>
    <ClInclude Include="MainDlg.h">
      <Filter>Dialogs\Header Files</Filter>
    </ClInclude>
    <ClInclude Include="PreviewDlg.h">
      <Filter>Dialogs\Header Files</Filter>
    </ClInclude>
    <ClInclude Include="SendMailDlg.h">
      <Filter>Dialogs\Header Files</Filter>
    </ClInclude>
    <ClInclude Include="SimpleDlg.h">
      <Filter>Dialogs\Header Files</Filter>
    </ClInclude>
    <ClInclude Include="TransferProgressDlg.h">
      <Filter>Dialogs\Header Files</Filter>
    </ClInclude>
    <ClInclude Include="WaitDlg.h">
      <Filter>Dialogs\Header Files</Filter>
    </ClInclude>
    <ClInclude Include="Array.h">
      <Filter>Collections\Header Files</Filter>
    </ClInclude>
    <ClInclude Include="ColHelper.h">
      <Filter>Collections\Header Files</Filter>
    </ClInclude>
    <ClInclude Include="Hash.h">
      <Filter>Collections\Header Files</Filter>
    </ClInclude>
    <ClInclude Include="InPlaceNew.h">
      <Filter>Collections\Header Files</Filter>
    </ClInclude>
    <ClInclude Include="InterfacePtr.h">
      <Filter>Collections\Header Files</Filter>
    </ClInclude>
    <ClInclude Include="List.h">
      <Filter>Collections\Header Files</Filter>
    </ClInclude>
    <ClInclude Include="SmartPtr.h">
      <Filter>Collections\Header Files</Filter>
    </ClInclude>
    <ClInclude Include="StrHolder.h">
      <Filter>Collections\Header Files</Filter>
    </ClInclude>
    <ClInclude Include="HexView.h">
      <Filter>Controls\Header Files</Filter>
    </ClInclude>
    <ClInclude Include="HyperLink.h">
      <Filter>Controls\Header Files</Filter>
    </ClInclude>
    <ClInclude Include="ImageView.h">
      <Filter>Controls\Header Files</Filter>
    </ClInclude>
    <ClInclude Include="LayoutManager.h">
      <Filter>Controls\Header Files</Filter>
    </ClInclude>
    <ClInclude Include="Splitter.h">
      <Filter>Controls\Header Files</Filter>
    </ClInclude>
    <ClInclude Include="TextView.h">
      <Filter>Controls\Header Files</Filter>
    </ClInclude>
    <ClInclude Include="WaitCursor.h">
      <Filter>Controls\Header Files</Filter>
    </ClInclude>
    <ClInclude Include="XmlReader.h">
      <Filter>System\Source Files\XML\Header Files</Filter>
    </ClInclude>
    <ClInclude Include="XmlWriter.h">
      <Filter>System\Source Files\XML\Header Files</Filter>
    </ClInclude>
    <ClInclude Include="CMapi.h">
      <Filter>System\Header Files</Filter>
    </ClInclude>
    <ClInclude Include="EnumProcess.h">
      <Filter>System\Header Files</Filter>
    </ClInclude>
    <ClInclude Include="LogFile.h">
      <Filter>System\Header Files</Filter>
    </ClInclude>
    <ClInclude Include="LogLink.h">
      <Filter>System\Header Files</Filter>
    </ClInclude>
    <ClInclude Include="NetThunks.h">
      <Filter>System\Header Files</Filter>
    </ClInclude>
    <ClInclude Include="SymEngine.h">
      <Filter>System\Header Files</Filter>
    </ClInclude>
    <ClInclude Include="SymEngineNet.h">
      <Filter>System\Header Files</Filter>
    </ClInclude>
    <ClInclude Include="TextLogFile.h">
      <Filter>System\Header Files</Filter>
    </ClInclude>
    <ClInclude Include="XmlLogFile.h">
      <Filter>System\Header Files</Filter>
    </ClInclude>
    <ClInclude Include="BTAtlWindow.h">
      <Filter>Main\Header Files</Filter>
    </ClInclude>
    <ClInclude Include="BTMfcWindow.h">
      <Filter>Main\Header Files</Filter>
    </ClInclude>
    <ClInclude Include="BTTrace.h">
      <Filter>Main\Header Files</Filter>
    </ClInclude>
    <ClInclude Include="BugTrap.h">
      <Filter>Main\Header Files</Filter>
    </ClInclude>
    <ClInclude Include="BugTrapNet.h">
      <Filter>Main\Header Files</Filter>
    </ClInclude>
    <ClInclude Include="BugTrapUI.h">
      <Filter>Main\Header Files</Filter>
    </ClInclude>
    <ClInclude Include="BugTrapUtils.h">
      <Filter>Main\Header Files</Filter>
    </ClInclude>
    <ClInclude Include="ResManager.h">
      <Filter>Main\Header Files</Filter>
    </ClInclude>
    <ClInclude Include="Globals.h">
      <Filter>Accessories\Header Files</Filter>
    </ClInclude>
    <ClInclude Include="LeakWatcher.h">
      <Filter>Accessories\Header Files</Filter>
    </ClInclude>
    <ClInclude Include="resource.h">
      <Filter>Accessories\Header Files</Filter>
    </ClInclude>
    <ClInclude Include="stdafx.h">
      <Filter>Accessories\Header Files</Filter>
    </ClInclude>
    <ClInclude Include="VersionInfo.h">
      <Filter>Accessories\Header Files</Filter>
    </ClInclude>
    <ClInclude Include="BaseStream.h">
      <Filter>Streams\Header Files</Filter>
    </ClInclude>
    <ClInclude Include="FileStream.h">
      <Filter>Streams\Header Files</Filter>
    </ClInclude>
    <ClInclude Include="InputStream.h">
      <Filter>Streams\Header Files</Filter>
    </ClInclude>
    <ClInclude Include="MemStream.h">
      <Filter>Streams\Header Files</Filter>
    </ClInclude>
    <ClInclude Include="OutputStream.h">
      <Filter>Streams\Header Files</Filter>
    </ClInclude>
    <ClInclude Include="Stream.h">
      <Filter>Streams\Header Files</Filter>
    </ClInclude>
    <ClInclude Include="StrStream.h">
      <Filter>Streams\Header Files</Filter>
    </ClInclude>
    <ClInclude Include="Encoding.h">
      <Filter>Encodings\Header Files</Filter>
    </ClInclude>
    <ClInclude Include="TextFormat.h">
      <Filter>Encodings\Header Files</Filter>
    </ClInclude>
  </ItemGroup>
  <ItemGroup>
    <Image Include="res\Bug.ico">
      <Filter>Accessories\Resource Files</Filter>
    </Image>
    <Image Include="res\CheckMark.bmp">
      <Filter>Accessories\Resource Files</Filter>
    </Image>
    <Image Include="res\ImageToolbar.bmp">
      <Filter>Accessories\Resource Files</Filter>
    </Image>
    <Image Include="res\SortArrows.bmp">
      <Filter>Accessories\Resource Files</Filter>
    </Image>
  </ItemGroup>
  <ItemGroup>
    <None Include="BugTrap.def">
      <Filter>Accessories\Resource Files</Filter>
    </None>
    <None Include="res\Upload.avi">
      <Filter>Accessories\Resource Files</Filter>
    </None>
  </ItemGroup>
  <ItemGroup>
    <ResourceCompile Include="BugTrap.rc">
      <Filter>Accessories\Resource Files</Filter>
    </ResourceCompile>
  </ItemGroup>
</Project>